
Microsoft Visual Studio Solution File, Format Version 12.00
# Visual Studio 15
VisualStudioVersion = 15.0.28307.1433
MinimumVisualStudioVersion = 10.0.40219.1
Project("{F184B08F-C81C-45F6-A57F-5ABD9991F28F}") = "SportXuanen", "SportXuanen\SportXuanen.vbproj", "{93514E74-7B4B-40D3-B48D-64E030298A97}"
EndProject
Global
	GlobalSection(SolutionConfigurationPlatforms) = preSolution
		Debug|Any CPU = Debug|Any CPU
		Release|Any CPU = Release|Any CPU
	EndGlobalSection
	GlobalSection(ProjectConfigurationPlatforms) = postSolution
		{93514E74-7B4B-40D3-B48D-64E030298A97}.Debug|Any CPU.ActiveCfg = Debug|Any CPU
		{93514E74-7B4B-40D3-B48D-64E030298A97}.Debug|Any CPU.Build.0 = Debug|Any CPU
		{93514E74-7B4B-40D3-B48D-64E030298A97}.Release|Any CPU.ActiveCfg = Release|Any CPU
		{93514E74-7B4B-40D3-B48D-64E030298A97}.Release|Any CPU.Build.0 = Release|Any CPU
	EndGlobalSection
	GlobalSection(SolutionProperties) = preSolution
		HideSolutionNode = FALSE
	EndGlobalSection
	GlobalSection(ExtensibilityGlobals) = postSolution
		SolutionGuid = {31416B2B-082A-499A-A4EA-C7A74ACA5C59}
	EndGlobalSection
EndGlobal
